// !$*UTF8*$!
{
	archiveVersion = 1;
	classes = {
	};
	objectVersion = 50;
	objects = {

/* Begin PBXBuildFile section */
		7308FC0926F0572000E5EBD3 /* LearningApp.swift in Sources */ = {isa = PBXBuildFile; fileRef = 7308FC0826F0572000E5EBD3 /* LearningApp.swift */; };
		7308FC0B26F0572000E5EBD3 /* HomeView.swift in Sources */ = {isa = PBXBuildFile; fileRef = 7308FC0A26F0572000E5EBD3 /* HomeView.swift */; };
		7308FC0D26F0572300E5EBD3 /* Assets.xcassets in Resources */ = {isa = PBXBuildFile; fileRef = 7308FC0C26F0572300E5EBD3 /* Assets.xcassets */; };
		7308FC1026F0572300E5EBD3 /* Preview Assets.xcassets in Resources */ = {isa = PBXBuildFile; fileRef = 7308FC0F26F0572300E5EBD3 /* Preview Assets.xcassets */; };
		7308FC1D26F0583100E5EBD3 /* ContentModel.swift in Sources */ = {isa = PBXBuildFile; fileRef = 7308FC1C26F0583100E5EBD3 /* ContentModel.swift */; };
		7308FC2026F05A0F00E5EBD3 /* style.html in Resources */ = {isa = PBXBuildFile; fileRef = 7308FC1E26F05A0F00E5EBD3 /* style.html */; };
		7308FC2126F05A0F00E5EBD3 /* data.json in Resources */ = {isa = PBXBuildFile; fileRef = 7308FC1F26F05A0F00E5EBD3 /* data.json */; };
		7308FC2326F05B8C00E5EBD3 /* Models.swift in Sources */ = {isa = PBXBuildFile; fileRef = 7308FC2226F05B8C00E5EBD3 /* Models.swift */; };
/* End PBXBuildFile section */

/* Begin PBXFileReference section */
		7308FC0526F0572000E5EBD3 /* LearningApp.app */ = {isa = PBXFileReference; explicitFileType = wrapper.application; includeInIndex = 0; path = LearningApp.app; sourceTree = BUILT_PRODUCTS_DIR; };
		7308FC0826F0572000E5EBD3 /* LearningApp.swift */ = {isa = PBXFileReference; lastKnownFileType = sourcecode.swift; path = LearningApp.swift; sourceTree = "<group>"; };
		7308FC0A26F0572000E5EBD3 /* HomeView.swift */ = {isa = PBXFileReference; lastKnownFileType = sourcecode.swift; path = HomeView.swift; sourceTree = "<group>"; };
		7308FC0C26F0572300E5EBD3 /* Assets.xcassets */ = {isa = PBXFileReference; lastKnownFileType = folder.assetcatalog; path = Assets.xcassets; sourceTree = "<group>"; };
		7308FC0F26F0572300E5EBD3 /* Preview Assets.xcassets */ = {isa = PBXFileReference; lastKnownFileType = folder.assetcatalog; path = "Preview Assets.xcassets"; sourceTree = "<group>"; };
		7308FC1126F0572300E5EBD3 /* Info.plist */ = {isa = PBXFileReference; lastKnownFileType = text.plist.xml; path = Info.plist; sourceTree = "<group>"; };
		7308FC1C26F0583100E5EBD3 /* ContentModel.swift */ = {isa = PBXFileReference; lastKnownFileType = sourcecode.swift; path = ContentModel.swift; sourceTree = "<group>"; };
		7308FC1E26F05A0F00E5EBD3 /* style.html */ = {isa = PBXFileReference; fileEncoding = 4; lastKnownFileType = text.html; path = style.html; sourceTree = "<group>"; };
		7308FC1F26F05A0F00E5EBD3 /* data.json */ = {isa = PBXFileReference; fileEncoding = 4; lastKnownFileType = text.json; path = data.json; sourceTree = "<group>"; };
		7308FC2226F05B8C00E5EBD3 /* Models.swift */ = {isa = PBXFileReference; lastKnownFileType = sourcecode.swift; path = Models.swift; sourceTree = "<group>"; };
/* End PBXFileReference section */

/* Begin PBXFrameworksBuildPhase section */
		7308FC0226F0572000E5EBD3 /* Frameworks */ = {
			isa = PBXFrameworksBuildPhase;
			buildActionMask = 2147483647;
			files = (
			);
			runOnlyForDeploymentPostprocessing = 0;
		};
/* End PBXFrameworksBuildPhase section */

/* Begin PBXGroup section */
		7308FBFC26F0572000E5EBD3 = {
			isa = PBXGroup;
			children = (
				7308FC0726F0572000E5EBD3 /* LearningApp */,
				7308FC0626F0572000E5EBD3 /* Products */,
			);
			sourceTree = "<group>";
		};
		7308FC0626F0572000E5EBD3 /* Products */ = {
			isa = PBXGroup;
			children = (
				7308FC0526F0572000E5EBD3 /* LearningApp.app */,
			);
			name = Products;
			sourceTree = "<group>";
		};
		7308FC0726F0572000E5EBD3 /* LearningApp */ = {
			isa = PBXGroup;
			children = (
				7308FC1B26F0575700E5EBD3 /* Helpers */,
				7308FC1A26F0574900E5EBD3 /* Resources */,
				7308FC1926F0573D00E5EBD3 /* View */,
				7308FC1826F0573400E5EBD3 /* ViewModel */,
				7308FC1726F0572B00E5EBD3 /* Model */,
				7308FC0826F0572000E5EBD3 /* LearningApp.swift */,
				7308FC0C26F0572300E5EBD3 /* Assets.xcassets */,
				7308FC1126F0572300E5EBD3 /* Info.plist */,
				7308FC0E26F0572300E5EBD3 /* Preview Content */,
			);
			path = LearningApp;
			sourceTree = "<group>";
		};
		7308FC0E26F0572300E5EBD3 /* Preview Content */ = {
			isa = PBXGroup;
			children = (
				7308FC0F26F0572300E5EBD3 /* Preview Assets.xcassets */,
			);
			path = "Preview Content";
			sourceTree = "<group>";
		};
		7308FC1726F0572B00E5EBD3 /* Model */ = {
			isa = PBXGroup;
			children = (
				7308FC2226F05B8C00E5EBD3 /* Models.swift */,
			);
			path = Model;
			sourceTree = "<group>";
		};
		7308FC1826F0573400E5EBD3 /* ViewModel */ = {
			isa = PBXGroup;
			children = (
				7308FC1C26F0583100E5EBD3 /* ContentModel.swift */,
			);
			path = ViewModel;
			sourceTree = "<group>";
		};
		7308FC1926F0573D00E5EBD3 /* View */ = {
			isa = PBXGroup;
			children = (
				7308FC0A26F0572000E5EBD3 /* HomeView.swift */,
			);
			path = View;
			sourceTree = "<group>";
		};
		7308FC1A26F0574900E5EBD3 /* Resources */ = {
			isa = PBXGroup;
			children = (
				7308FC1F26F05A0F00E5EBD3 /* data.json */,
				7308FC1E26F05A0F00E5EBD3 /* style.html */,
			);
			path = Resources;
			sourceTree = "<group>";
		};
		7308FC1B26F0575700E5EBD3 /* Helpers */ = {
			isa = PBXGroup;
			children = (
			);
			path = Helpers;
			sourceTree = "<group>";
		};
/* End PBXGroup section */

/* Begin PBXNativeTarget section */
		7308FC0426F0572000E5EBD3 /* LearningApp */ = {
			isa = PBXNativeTarget;
			buildConfigurationList = 7308FC1426F0572300E5EBD3 /* Build configuration list for PBXNativeTarget "LearningApp" */;
			buildPhases = (
				7308FC0126F0572000E5EBD3 /* Sources */,
				7308FC0226F0572000E5EBD3 /* Frameworks */,
				7308FC0326F0572000E5EBD3 /* Resources */,
			);
			buildRules = (
			);
			dependencies = (
			);
			name = LearningApp;
			productName = LearningApp;
			productReference = 7308FC0526F0572000E5EBD3 /* LearningApp.app */;
			productType = "com.apple.product-type.application";
		};
/* End PBXNativeTarget section */

/* Begin PBXProject section */
		7308FBFD26F0572000E5EBD3 /* Project object */ = {
			isa = PBXProject;
			attributes = {
				LastSwiftUpdateCheck = 1250;
				LastUpgradeCheck = 1250;
				TargetAttributes = {
					7308FC0426F0572000E5EBD3 = {
						CreatedOnToolsVersion = 12.5.1;
					};
				};
			};
			buildConfigurationList = 7308FC0026F0572000E5EBD3 /* Build configuration list for PBXProject "LearningApp" */;
			compatibilityVersion = "Xcode 9.3";
			developmentRegion = en;
			hasScannedForEncodings = 0;
			knownRegions = (
				en,
				Base,
			);
			mainGroup = 7308FBFC26F0572000E5EBD3;
			productRefGroup = 7308FC0626F0572000E5EBD3 /* Products */;
			projectDirPath = "";
			projectRoot = "";
			targets = (
				7308FC0426F0572000E5EBD3 /* LearningApp */,
			);
		};
/* End PBXProject section */

/* Begin PBXResourcesBuildPhase section */
		7308FC0326F0572000E5EBD3 /* Resources */ = {
			isa = PBXResourcesBuildPhase;
			buildActionMask = 2147483647;
			files = (
				7308FC2026F05A0F00E5EBD3 /* style.html in Resources */,
				7308FC1026F0572300E5EBD3 /* Preview Assets.xcassets in Resources */,
				7308FC0D26F0572300E5EBD3 /* Assets.xcassets in Resources */,
				7308FC2126F05A0F00E5EBD3 /* data.json in Resources */,
			);
			runOnlyForDeploymentPostprocessing = 0;
		};
/* End PBXResourcesBuildPhase section */

/* Begin PBXSourcesBuildPhase section */
		7308FC0126F0572000E5EBD3 /* Sources */ = {
			isa = PBXSourcesBuildPhase;
			buildActionMask = 2147483647;
			files = (
				7308FC0B26F0572000E5EBD3 /* HomeView.swift in Sources */,
				7308FC0926F0572000E5EBD3 /* LearningApp.swift in Sources */,
				7308FC1D26F0583100E5EBD3 /* ContentModel.swift in Sources */,
				7308FC2326F05B8C00E5EBD3 /* Models.swift in Sources */,
			);
			runOnlyForDeploymentPostprocessing = 0;
		};
/* End PBXSourcesBuildPhase section */

/* Begin XCBuildConfiguration section */
		7308FC1226F0572300E5EBD3 /* Debug */ = {
			isa = XCBuildConfiguration;
			buildSettings = {
				ALWAYS_SEARCH_USER_PATHS = NO;
				CLANG_ANALYZER_NONNULL = YES;
				CLANG_ANALYZER_NUMBER_OBJECT_CONVERSION = YES_AGGRESSIVE;
				CLANG_CXX_LANGUAGE_STANDARD = "gnu++14";
				CLANG_CXX_LIBRARY = "libc++";
				CLANG_ENABLE_MODULES = YES;
				CLANG_ENABLE_OBJC_ARC = YES;
				CLANG_ENABLE_OBJC_WEAK = YES;
				CLANG_WARN_BLOCK_CAPTURE_AUTORELEASING = YES;
				CLANG_WARN_BOOL_CONVERSION = YES;
				CLANG_WARN_COMMA = YES;
				CLANG_WARN_CONSTANT_CONVERSION = YES;
				CLANG_WARN_DEPRECATED_OBJC_IMPLEMENTATIONS = YES;
				CLANG_WARN_DIRECT_OBJC_ISA_USAGE = YES_ERROR;
				CLANG_WARN_DOCUMENTATION_COMMENTS = YES;
				CLANG_WARN_EMPTY_BODY = YES;
				CLANG_WARN_ENUM_CONVERSION = YES;
				CLANG_WARN_INFINITE_RECURSION = YES;
				CLANG_WARN_INT_CONVERSION = YES;
				CLANG_WARN_NON_LITERAL_NULL_CONVERSION = YES;
				CLANG_WARN_OBJC_IMPLICIT_RETAIN_SELF = YES;
				CLANG_WARN_OBJC_LITERAL_CONVERSION = YES;
				CLANG_WARN_OBJC_ROOT_CLASS = YES_ERROR;
				CLANG_WARN_QUOTED_INCLUDE_IN_FRAMEWORK_HEADER = YES;
				CLANG_WARN_RANGE_LOOP_ANALYSIS = YES;
				CLANG_WARN_STRICT_PROTOTYPES = YES;
				CLANG_WARN_SUSPICIOUS_MOVE = YES;
				CLANG_WARN_UNGUARDED_AVAILABILITY = YES_AGGRESSIVE;
				CLANG_WARN_UNREACHABLE_CODE = YES;
				CLANG_WARN__DUPLICATE_METHOD_MATCH = YES;
				COPY_PHASE_STRIP = NO;
				DEBUG_INFORMATION_FORMAT = dwarf;
				ENABLE_STRICT_OBJC_MSGSEND = YES;
				ENABLE_TESTABILITY = YES;
				GCC_C_LANGUAGE_STANDARD = gnu11;
				GCC_DYNAMIC_NO_PIC = NO;
				GCC_NO_COMMON_BLOCKS = YES;
				GCC_OPTIMIZATION_LEVEL = 0;
				GCC_PREPROCESSOR_DEFINITIONS = (
					"DEBUG=1",
					"$(inherited)",
				);
				GCC_WARN_64_TO_32_BIT_CONVERSION = YES;
				GCC_WARN_ABOUT_RETURN_TYPE = YES_ERROR;
				GCC_WARN_UNDECLARED_SELECTOR = YES;
				GCC_WARN_UNINITIALIZED_AUTOS = YES_AGGRESSIVE;
				GCC_WARN_UNUSED_FUNCTION = YES;
				GCC_WARN_UNUSED_VARIABLE = YES;
				IPHONEOS_DEPLOYMENT_TARGET = 14.5;
				MTL_ENABLE_DEBUG_INFO = INCLUDE_SOURCE;
				MTL_FAST_MATH = YES;
				ONLY_ACTIVE_ARCH = YES;
				SDKROOT = iphoneos;
				SWIFT_ACTIVE_COMPILATION_CONDITIONS = DEBUG;
				SWIFT_OPTIMIZATION_LEVEL = "-Onone";
			};
			name = Debug;
		};
		7308FC1326F0572300E5EBD3 /* Release */ = {
			isa = XCBuildConfiguration;
			buildSettings = {
				ALWAYS_SEARCH_USER_PATHS = NO;
				CLANG_ANALYZER_NONNULL = YES;
				CLANG_ANALYZER_NUMBER_OBJECT_CONVERSION = YES_AGGRESSIVE;
				CLANG_CXX_LANGUAGE_STANDARD = "gnu++14";
				CLANG_CXX_LIBRARY = "libc++";
				CLANG_ENABLE_MODULES = YES;
				CLANG_ENABLE_OBJC_ARC = YES;
				CLANG_ENABLE_OBJC_WEAK = YES;
				CLANG_WARN_BLOCK_CAPTURE_AUTORELEASING = YES;
				CLANG_WARN_BOOL_CONVERSION = YES;
				CLANG_WARN_COMMA = YES;
				CLANG_WARN_CONSTANT_CONVERSION = YES;
				CLANG_WARN_DEPRECATED_OBJC_IMPLEMENTATIONS = YES;
				CLANG_WARN_DIRECT_OBJC_ISA_USAGE = YES_ERROR;
				CLANG_WARN_DOCUMENTATION_COMMENTS = YES;
				CLANG_WARN_EMPTY_BODY = YES;
				CLANG_WARN_ENUM_CONVERSION = YES;
				CLANG_WARN_INFINITE_RECURSION = YES;
				CLANG_WARN_INT_CONVERSION = YES;
				CLANG_WARN_NON_LITERAL_NULL_CONVERSION = YES;
				CLANG_WARN_OBJC_IMPLICIT_RETAIN_SELF = YES;
				CLANG_WARN_OBJC_LITERAL_CONVERSION = YES;
				CLANG_WARN_OBJC_ROOT_CLASS = YES_ERROR;
				CLANG_WARN_QUOTED_INCLUDE_IN_FRAMEWORK_HEADER = YES;
				CLANG_WARN_RANGE_LOOP_ANALYSIS = YES;
				CLANG_WARN_STRICT_PROTOTYPES = YES;
				CLANG_WARN_SUSPICIOUS_MOVE = YES;
				CLANG_WARN_UNGUARDED_AVAILABILITY = YES_AGGRESSIVE;
				CLANG_WARN_UNREACHABLE_CODE = YES;
				CLANG_WARN__DUPLICATE_METHOD_MATCH = YES;
				COPY_PHASE_STRIP = NO;
				DEBUG_INFORMATION_FORMAT = "dwarf-with-dsym";
				ENABLE_NS_ASSERTIONS = NO;
				ENABLE_STRICT_OBJC_MSGSEND = YES;
				GCC_C_LANGUAGE_STANDARD = gnu11;
				GCC_NO_COMMON_BLOCKS = YES;
				GCC_WARN_64_TO_32_BIT_CONVERSION = YES;
				GCC_WARN_ABOUT_RETURN_TYPE = YES_ERROR;
				GCC_WARN_UNDECLARED_SELECTOR = YES;
				GCC_WARN_UNINITIALIZED_AUTOS = YES_AGGRESSIVE;
				GCC_WARN_UNUSED_FUNCTION = YES;
				GCC_WARN_UNUSED_VARIABLE = YES;
				IPHONEOS_DEPLOYMENT_TARGET = 14.5;
				MTL_ENABLE_DEBUG_INFO = NO;
				MTL_FAST_MATH = YES;
				SDKROOT = iphoneos;
				SWIFT_COMPILATION_MODE = wholemodule;
				SWIFT_OPTIMIZATION_LEVEL = "-O";
				VALIDATE_PRODUCT = YES;
			};
			name = Release;
		};
		7308FC1526F0572300E5EBD3 /* Debug */ = {
			isa = XCBuildConfiguration;
			buildSettings = {
				ASSETCATALOG_COMPILER_APPICON_NAME = AppIcon;
				ASSETCATALOG_COMPILER_GLOBAL_ACCENT_COLOR_NAME = AccentColor;
				CODE_SIGN_STYLE = Automatic;
				DEVELOPMENT_ASSET_PATHS = "\"LearningApp/Preview Content\"";
				DEVELOPMENT_TEAM = FW375NFL66;
				ENABLE_PREVIEWS = YES;
				INFOPLIST_FILE = LearningApp/Info.plist;
				IPHONEOS_DEPLOYMENT_TARGET = 14.0;
				LD_RUNPATH_SEARCH_PATHS = (
					"$(inherited)",
					"@executable_path/Frameworks",
				);
				PRODUCT_BUNDLE_IDENTIFIER = com.shuklas.LearningApp;
				PRODUCT_NAME = "$(TARGET_NAME)";
				SWIFT_VERSION = 5.0;
				TARGETED_DEVICE_FAMILY = "1,2";
			};
			name = Debug;
		};
		7308FC1626F0572300E5EBD3 /* Release */ = {
			isa = XCBuildConfiguration;
			buildSettings = {
				ASSETCATALOG_COMPILER_APPICON_NAME = AppIcon;
				ASSETCATALOG_COMPILER_GLOBAL_ACCENT_COLOR_NAME = AccentColor;
				CODE_SIGN_STYLE = Automatic;
				DEVELOPMENT_ASSET_PATHS = "\"LearningApp/Preview Content\"";
				DEVELOPMENT_TEAM = FW375NFL66;
				ENABLE_PREVIEWS = YES;
				INFOPLIST_FILE = LearningApp/Info.plist;
				IPHONEOS_DEPLOYMENT_TARGET = 14.0;
				LD_RUNPATH_SEARCH_PATHS = (
					"$(inherited)",
					"@executable_path/Frameworks",
				);
				PRODUCT_BUNDLE_IDENTIFIER = com.shuklas.LearningApp;
				PRODUCT_NAME = "$(TARGET_NAME)";
				SWIFT_VERSION = 5.0;
				TARGETED_DEVICE_FAMILY = "1,2";
			};
			name = Release;
		};
/* End XCBuildConfiguration section */

/* Begin XCConfigurationList section */
		7308FC0026F0572000E5EBD3 /* Build configuration list for PBXProject "LearningApp" */ = {
			isa = XCConfigurationList;
			buildConfigurations = (
				7308FC1226F0572300E5EBD3 /* Debug */,
				7308FC1326F0572300E5EBD3 /* Release */,
			);
			defaultConfigurationIsVisible = 0;
			defaultConfigurationName = Release;
		};
		7308FC1426F0572300E5EBD3 /* Build configuration list for PBXNativeTarget "LearningApp" */ = {
			isa = XCConfigurationList;
			buildConfigurations = (
				7308FC1526F0572300E5EBD3 /* Debug */,
				7308FC1626F0572300E5EBD3 /* Release */,
			);
			defaultConfigurationIsVisible = 0;
			defaultConfigurationName = Release;
		};
/* End XCConfigurationList section */
	};
	rootObject = 7308FBFD26F0572000E5EBD3 /* Project object */;
}
